
Microsoft Visual Studio Solution File, Format Version 12.00
# Visual Studio Version 17
VisualStudioVersion = 17.10.35013.160
MinimumVisualStudioVersion = 10.0.40219.1
Project("{FAE04EC0-301F-11D3-BF4B-00C04F79EFBC}") = "GlazerCalc.cs", "GlazerCalc.cs.csproj", "{897895AB-488B-484D-9CEF-68AF2A67E016}"
EndProject
Global
	GlobalSection(SolutionConfigurationPlatforms) = preSolution
		Debug|Any CPU = Debug|Any CPU
		Release|Any CPU = Release|Any CPU
	EndGlobalSection
	GlobalSection(ProjectConfigurationPlatforms) = postSolution
		{897895AB-488B-484D-9CEF-68AF2A67E016}.Debug|Any CPU.ActiveCfg = Debug|Any CPU
		{897895AB-488B-484D-9CEF-68AF2A67E016}.Debug|Any CPU.Build.0 = Debug|Any CPU
		{897895AB-488B-484D-9CEF-68AF2A67E016}.Release|Any CPU.ActiveCfg = Release|Any CPU
		{897895AB-488B-484D-9CEF-68AF2A67E016}.Release|Any CPU.Build.0 = Release|Any CPU
	EndGlobalSection
	GlobalSection(SolutionProperties) = preSolution
		HideSolutionNode = FALSE
	EndGlobalSection
	GlobalSection(ExtensibilityGlobals) = postSolution
		SolutionGuid = {32E974CC-6B6C-44F0-8485-64725E5A2891}
	EndGlobalSection
EndGlobal
